# generated by rye
# use `rye lock` or `rye sync` to update this lockfile
#
# last locked with the following flags:
#   pre: false
#   features: []
#   all-features: false
#   with-sources: false
#   generate-hashes: false
#   universal: false

aiohttp==3.9.5
    # via geoip2
aiosignal==1.3.1
    # via aiohttp
amqp==5.2.0
    # via kombu
anyio==4.4.0
    # via httpx
asgiref==3.8.1
    # via channels
    # via channels-redis
    # via django
    # via strawberry-graphql-django
attrs==23.2.0
    # via aiohttp
billiard==4.2.0
    # via celery
boto3==1.34.140
botocore==1.34.140
    # via boto3
    # via s3transfer
celery==5.4.0
    # via django-celery-beat
certifi==2024.7.4
    # via httpcore
    # via httpx
    # via requests
    # via sentry-sdk
channels==4.1.0
    # via channels-redis
channels-redis==4.2.0
charset-normalizer==3.3.2
    # via requests
click==8.1.7
    # via celery
    # via click-didyoumean
    # via click-plugins
    # via click-repl
click-didyoumean==0.3.1
    # via celery
click-plugins==1.1.1
    # via celery
click-repl==0.3.0
    # via celery
cron-descriptor==1.4.3
    # via django-celery-beat
django==5.0.6
    # via channels
    # via django-celery-beat
    # via django-debug-toolbar
    # via django-js-asset
    # via django-timezone-field
    # via strawberry-graphql-django
django-celery-beat==2.6.0
django-cleanup==8.1.0
django-debug-toolbar==4.4.5
    # via strawberry-graphql-django
django-js-asset==2.2.0
    # via django-mptt
django-mptt==0.16.0
django-timezone-field==7.0
    # via django-celery-beat
frozenlist==1.4.1
    # via aiohttp
    # via aiosignal
geoip2==4.8.0
graphql-core==3.2.3
    # via strawberry-graphql
h11==0.14.0
    # via httpcore
httpcore==1.0.5
    # via httpx
httpx==0.27.0
idna==3.7
    # via anyio
    # via httpx
    # via requests
    # via yarl
jmespath==1.0.1
    # via boto3
    # via botocore
kombu==5.3.7
    # via celery
markdown==3.6
maxminddb==2.6.2
    # via geoip2
msgpack==1.0.8
    # via channels-redis
multidict==6.0.5
    # via aiohttp
    # via yarl
pillow==10.4.0
prompt-toolkit==3.0.47
    # via click-repl
psycopg==3.2.1
psycopg-binary==3.2.1
    # via psycopg
python-crontab==3.2.0
    # via django-celery-beat
python-dateutil==2.9.0.post0
    # via botocore
    # via celery
    # via python-crontab
    # via strawberry-graphql
redis==5.0.7
    # via channels-redis
requests==2.32.3
    # via geoip2
s3transfer==0.10.2
    # via boto3
sentry-sdk==2.8.0
setuptools==70.2.0
    # via geoip2
six==1.16.0
    # via python-dateutil
sniffio==1.3.1
    # via anyio
    # via httpx
sqlparse==0.5.0
    # via django
    # via django-debug-toolbar
strawberry-graphql==0.235.2
    # via strawberry-graphql-django
strawberry-graphql-django==0.46.1
typing-extensions==4.12.2
    # via psycopg
    # via strawberry-graphql
tzdata==2024.1
    # via celery
    # via django-celery-beat
urllib3==2.2.2
    # via botocore
    # via requests
    # via sentry-sdk
vine==5.1.0
    # via amqp
    # via celery
    # via kombu
wcwidth==0.2.13
    # via prompt-toolkit
yarl==1.9.4
    # via aiohttp
